// !$*UTF8*$!
{
	archiveVersion = 1;
	classes = {
	};
	objectVersion = 55;
	objects = {

/* Begin PBXBuildFile section */
		2E88B87B26FF791E00A7704A /* APIUrl.swift in Sources */ = {isa = PBXBuildFile; fileRef = 2E88B87A26FF791E00A7704A /* APIUrl.swift */; };
		2E88B88026FF834600A7704A /* Movie.swift in Sources */ = {isa = PBXBuildFile; fileRef = 2E88B87F26FF834600A7704A /* Movie.swift */; };
		2E88B88226FF887900A7704A /* Actor.swift in Sources */ = {isa = PBXBuildFile; fileRef = 2E88B88126FF887900A7704A /* Actor.swift */; };
		2E88B88526FF8B8000A7704A /* MoviesResponse.swift in Sources */ = {isa = PBXBuildFile; fileRef = 2E88B88426FF8B8000A7704A /* MoviesResponse.swift */; };
		2E88B88726FFCE2700A7704A /* MoviesCollection.swift in Sources */ = {isa = PBXBuildFile; fileRef = 2E88B88626FFCE2700A7704A /* MoviesCollection.swift */; };
		2E9CBDF726FE9DFB00D97B28 /* Kingfisher in Frameworks */ = {isa = PBXBuildFile; productRef = 2E9CBDF626FE9DFB00D97B28 /* Kingfisher */; };
		2E9CBDFA26FEA95200D97B28 /* SkeletonView in Frameworks */ = {isa = PBXBuildFile; productRef = 2E9CBDF926FEA95200D97B28 /* SkeletonView */; };
		2EB0279526FF76EC00019D3A /* TableViewCell.swift in Sources */ = {isa = PBXBuildFile; fileRef = 2EB0279326FF76EC00019D3A /* TableViewCell.swift */; };
		2EB0279626FF76EC00019D3A /* TableViewCell.xib in Resources */ = {isa = PBXBuildFile; fileRef = 2EB0279426FF76EC00019D3A /* TableViewCell.xib */; };
		2EDA487526FE852500DA4BF2 /* AppDelegate.swift in Sources */ = {isa = PBXBuildFile; fileRef = 2EDA487426FE852500DA4BF2 /* AppDelegate.swift */; };
		2EDA487E26FE852800DA4BF2 /* Assets.xcassets in Resources */ = {isa = PBXBuildFile; fileRef = 2EDA487D26FE852800DA4BF2 /* Assets.xcassets */; };
		2EDA488126FE852800DA4BF2 /* LaunchScreen.storyboard in Resources */ = {isa = PBXBuildFile; fileRef = 2EDA487F26FE852800DA4BF2 /* LaunchScreen.storyboard */; };
		2EDA488B26FE85F300DA4BF2 /* HomeViewController.swift in Sources */ = {isa = PBXBuildFile; fileRef = 2EDA488926FE85F300DA4BF2 /* HomeViewController.swift */; };
		2EDA488C26FE85F300DA4BF2 /* HomeViewController.xib in Resources */ = {isa = PBXBuildFile; fileRef = 2EDA488A26FE85F300DA4BF2 /* HomeViewController.xib */; };
		2EDA489126FE883E00DA4BF2 /* MovieCollectionViewCell.swift in Sources */ = {isa = PBXBuildFile; fileRef = 2EDA488F26FE883E00DA4BF2 /* MovieCollectionViewCell.swift */; };
		2EDA489226FE883E00DA4BF2 /* MovieCollectionViewCell.xib in Resources */ = {isa = PBXBuildFile; fileRef = 2EDA489026FE883E00DA4BF2 /* MovieCollectionViewCell.xib */; };
		2EDA489526FE8EE300DA4BF2 /* Alamofire in Frameworks */ = {isa = PBXBuildFile; productRef = 2EDA489426FE8EE300DA4BF2 /* Alamofire */; };
		2EDA489726FE8F1600DA4BF2 /* HomeViewModel.swift in Sources */ = {isa = PBXBuildFile; fileRef = 2EDA489626FE8F1600DA4BF2 /* HomeViewModel.swift */; };
/* End PBXBuildFile section */

/* Begin PBXFileReference section */
		2E88B87A26FF791E00A7704A /* APIUrl.swift */ = {isa = PBXFileReference; lastKnownFileType = sourcecode.swift; path = APIUrl.swift; sourceTree = "<group>"; };
		2E88B87F26FF834600A7704A /* Movie.swift */ = {isa = PBXFileReference; lastKnownFileType = sourcecode.swift; path = Movie.swift; sourceTree = "<group>"; };
		2E88B88126FF887900A7704A /* Actor.swift */ = {isa = PBXFileReference; lastKnownFileType = sourcecode.swift; path = Actor.swift; sourceTree = "<group>"; };
		2E88B88426FF8B8000A7704A /* MoviesResponse.swift */ = {isa = PBXFileReference; lastKnownFileType = sourcecode.swift; path = MoviesResponse.swift; sourceTree = "<group>"; };
		2E88B88626FFCE2700A7704A /* MoviesCollection.swift */ = {isa = PBXFileReference; lastKnownFileType = sourcecode.swift; path = MoviesCollection.swift; sourceTree = "<group>"; };
		2EB0279326FF76EC00019D3A /* TableViewCell.swift */ = {isa = PBXFileReference; lastKnownFileType = sourcecode.swift; path = TableViewCell.swift; sourceTree = "<group>"; };
		2EB0279426FF76EC00019D3A /* TableViewCell.xib */ = {isa = PBXFileReference; lastKnownFileType = file.xib; path = TableViewCell.xib; sourceTree = "<group>"; };
		2EDA487126FE852500DA4BF2 /* Nerdflix.app */ = {isa = PBXFileReference; explicitFileType = wrapper.application; includeInIndex = 0; path = Nerdflix.app; sourceTree = BUILT_PRODUCTS_DIR; };
		2EDA487426FE852500DA4BF2 /* AppDelegate.swift */ = {isa = PBXFileReference; lastKnownFileType = sourcecode.swift; path = AppDelegate.swift; sourceTree = "<group>"; };
		2EDA487D26FE852800DA4BF2 /* Assets.xcassets */ = {isa = PBXFileReference; lastKnownFileType = folder.assetcatalog; path = Assets.xcassets; sourceTree = "<group>"; };
		2EDA488026FE852800DA4BF2 /* Base */ = {isa = PBXFileReference; lastKnownFileType = file.storyboard; name = Base; path = Base.lproj/LaunchScreen.storyboard; sourceTree = "<group>"; };
		2EDA488226FE852800DA4BF2 /* Info.plist */ = {isa = PBXFileReference; lastKnownFileType = text.plist.xml; path = Info.plist; sourceTree = "<group>"; };
		2EDA488926FE85F300DA4BF2 /* HomeViewController.swift */ = {isa = PBXFileReference; lastKnownFileType = sourcecode.swift; path = HomeViewController.swift; sourceTree = "<group>"; };
		2EDA488A26FE85F300DA4BF2 /* HomeViewController.xib */ = {isa = PBXFileReference; lastKnownFileType = file.xib; path = HomeViewController.xib; sourceTree = "<group>"; };
		2EDA488F26FE883E00DA4BF2 /* MovieCollectionViewCell.swift */ = {isa = PBXFileReference; lastKnownFileType = sourcecode.swift; path = MovieCollectionViewCell.swift; sourceTree = "<group>"; };
		2EDA489026FE883E00DA4BF2 /* MovieCollectionViewCell.xib */ = {isa = PBXFileReference; lastKnownFileType = file.xib; path = MovieCollectionViewCell.xib; sourceTree = "<group>"; };
		2EDA489626FE8F1600DA4BF2 /* HomeViewModel.swift */ = {isa = PBXFileReference; lastKnownFileType = sourcecode.swift; path = HomeViewModel.swift; sourceTree = "<group>"; };
/* End PBXFileReference section */

/* Begin PBXFrameworksBuildPhase section */
		2EDA486E26FE852500DA4BF2 /* Frameworks */ = {
			isa = PBXFrameworksBuildPhase;
			buildActionMask = 2147483647;
			files = (
				2E9CBDF726FE9DFB00D97B28 /* Kingfisher in Frameworks */,
				2E9CBDFA26FEA95200D97B28 /* SkeletonView in Frameworks */,
				2EDA489526FE8EE300DA4BF2 /* Alamofire in Frameworks */,
			);
			runOnlyForDeploymentPostprocessing = 0;
		};
/* End PBXFrameworksBuildPhase section */

/* Begin PBXGroup section */
		2E88B87926FF78FD00A7704A /* NetworkService */ = {
			isa = PBXGroup;
			children = (
				2E88B87A26FF791E00A7704A /* APIUrl.swift */,
			);
			path = NetworkService;
			sourceTree = "<group>";
		};
		2E88B87E26FF833700A7704A /* Models */ = {
			isa = PBXGroup;
			children = (
				2E88B87F26FF834600A7704A /* Movie.swift */,
				2E88B88126FF887900A7704A /* Actor.swift */,
				2E88B88426FF8B8000A7704A /* MoviesResponse.swift */,
				2E88B88626FFCE2700A7704A /* MoviesCollection.swift */,
			);
			path = Models;
			sourceTree = "<group>";
		};
		2EB0278426FF6E3300019D3A /* Source */ = {
			isa = PBXGroup;
			children = (
				2EDA487426FE852500DA4BF2 /* AppDelegate.swift */,
			);
			path = Source;
			sourceTree = "<group>";
		};
		2EB0278526FF6E3C00019D3A /* Resource */ = {
			isa = PBXGroup;
			children = (
				2E88B87E26FF833700A7704A /* Models */,
				2E88B87926FF78FD00A7704A /* NetworkService */,
				2EDA488226FE852800DA4BF2 /* Info.plist */,
				2EDA487D26FE852800DA4BF2 /* Assets.xcassets */,
				2EDA487F26FE852800DA4BF2 /* LaunchScreen.storyboard */,
			);
			path = Resource;
			sourceTree = "<group>";
		};
		2EB0278626FF6E4B00019D3A /* Scenes */ = {
			isa = PBXGroup;
			children = (
				2EB0278826FF74AB00019D3A /* MoreMovies */,
				2EB0278726FF749800019D3A /* MovieDetail */,
				2EDA488826FE85DA00DA4BF2 /* Home */,
			);
			path = Scenes;
			sourceTree = "<group>";
		};
		2EB0278726FF749800019D3A /* MovieDetail */ = {
			isa = PBXGroup;
			children = (
			);
			path = MovieDetail;
			sourceTree = "<group>";
		};
		2EB0278826FF74AB00019D3A /* MoreMovies */ = {
			isa = PBXGroup;
			children = (
			);
			path = MoreMovies;
			sourceTree = "<group>";
		};
		2EB0278E26FF756500019D3A /* TableViewCell */ = {
			isa = PBXGroup;
			children = (
				2EDA488E26FE881700DA4BF2 /* CollectionViewCell */,
				2EB0279326FF76EC00019D3A /* TableViewCell.swift */,
				2EB0279426FF76EC00019D3A /* TableViewCell.xib */,
			);
			path = TableViewCell;
			sourceTree = "<group>";
		};
		2EDA486826FE852500DA4BF2 = {
			isa = PBXGroup;
			children = (
				2EDA487326FE852500DA4BF2 /* Nerdflix */,
				2EDA487226FE852500DA4BF2 /* Products */,
			);
			sourceTree = "<group>";
		};
		2EDA487226FE852500DA4BF2 /* Products */ = {
			isa = PBXGroup;
			children = (
				2EDA487126FE852500DA4BF2 /* Nerdflix.app */,
			);
			name = Products;
			sourceTree = "<group>";
		};
		2EDA487326FE852500DA4BF2 /* Nerdflix */ = {
			isa = PBXGroup;
			children = (
				2EB0278426FF6E3300019D3A /* Source */,
				2EB0278626FF6E4B00019D3A /* Scenes */,
				2EB0278526FF6E3C00019D3A /* Resource */,
			);
			path = Nerdflix;
			sourceTree = "<group>";
		};
		2EDA488826FE85DA00DA4BF2 /* Home */ = {
			isa = PBXGroup;
			children = (
				2EDA488D26FE880500DA4BF2 /* Subviews */,
				2EDA488926FE85F300DA4BF2 /* HomeViewController.swift */,
				2EDA488A26FE85F300DA4BF2 /* HomeViewController.xib */,
				2EDA489626FE8F1600DA4BF2 /* HomeViewModel.swift */,
			);
			path = Home;
			sourceTree = "<group>";
		};
		2EDA488D26FE880500DA4BF2 /* Subviews */ = {
			isa = PBXGroup;
			children = (
				2EB0278E26FF756500019D3A /* TableViewCell */,
			);
			path = Subviews;
			sourceTree = "<group>";
		};
		2EDA488E26FE881700DA4BF2 /* CollectionViewCell */ = {
			isa = PBXGroup;
			children = (
				2EDA488F26FE883E00DA4BF2 /* MovieCollectionViewCell.swift */,
				2EDA489026FE883E00DA4BF2 /* MovieCollectionViewCell.xib */,
			);
			path = CollectionViewCell;
			sourceTree = "<group>";
		};
/* End PBXGroup section */

/* Begin PBXNativeTarget section */
		2EDA487026FE852500DA4BF2 /* Nerdflix */ = {
			isa = PBXNativeTarget;
			buildConfigurationList = 2EDA488526FE852800DA4BF2 /* Build configuration list for PBXNativeTarget "Nerdflix" */;
			buildPhases = (
				2EDA486D26FE852500DA4BF2 /* Sources */,
				2EDA486E26FE852500DA4BF2 /* Frameworks */,
				2EDA486F26FE852500DA4BF2 /* Resources */,
			);
			buildRules = (
			);
			dependencies = (
			);
			name = Nerdflix;
			packageProductDependencies = (
				2EDA489426FE8EE300DA4BF2 /* Alamofire */,
				2E9CBDF626FE9DFB00D97B28 /* Kingfisher */,
				2E9CBDF926FEA95200D97B28 /* SkeletonView */,
			);
			productName = Nerdflix;
			productReference = 2EDA487126FE852500DA4BF2 /* Nerdflix.app */;
			productType = "com.apple.product-type.application";
		};
/* End PBXNativeTarget section */

/* Begin PBXProject section */
		2EDA486926FE852500DA4BF2 /* Project object */ = {
			isa = PBXProject;
			attributes = {
				BuildIndependentTargetsInParallel = 1;
				LastSwiftUpdateCheck = 1300;
				LastUpgradeCheck = 1300;
				TargetAttributes = {
					2EDA487026FE852500DA4BF2 = {
						CreatedOnToolsVersion = 13.0;
					};
				};
			};
			buildConfigurationList = 2EDA486C26FE852500DA4BF2 /* Build configuration list for PBXProject "Nerdflix" */;
			compatibilityVersion = "Xcode 13.0";
			developmentRegion = en;
			hasScannedForEncodings = 0;
			knownRegions = (
				en,
				Base,
			);
			mainGroup = 2EDA486826FE852500DA4BF2;
			packageReferences = (
				2EDA489326FE8EE300DA4BF2 /* XCRemoteSwiftPackageReference "Alamofire" */,
				2E9CBDF526FE9DFB00D97B28 /* XCRemoteSwiftPackageReference "Kingfisher" */,
				2E9CBDF826FEA95200D97B28 /* XCRemoteSwiftPackageReference "SkeletonView" */,
			);
			productRefGroup = 2EDA487226FE852500DA4BF2 /* Products */;
			projectDirPath = "";
			projectRoot = "";
			targets = (
				2EDA487026FE852500DA4BF2 /* Nerdflix */,
			);
		};
/* End PBXProject section */

/* Begin PBXResourcesBuildPhase section */
		2EDA486F26FE852500DA4BF2 /* Resources */ = {
			isa = PBXResourcesBuildPhase;
			buildActionMask = 2147483647;
			files = (
				2EDA489226FE883E00DA4BF2 /* MovieCollectionViewCell.xib in Resources */,
				2EB0279626FF76EC00019D3A /* TableViewCell.xib in Resources */,
				2EDA488126FE852800DA4BF2 /* LaunchScreen.storyboard in Resources */,
				2EDA487E26FE852800DA4BF2 /* Assets.xcassets in Resources */,
				2EDA488C26FE85F300DA4BF2 /* HomeViewController.xib in Resources */,
			);
			runOnlyForDeploymentPostprocessing = 0;
		};
/* End PBXResourcesBuildPhase section */

/* Begin PBXSourcesBuildPhase section */
		2EDA486D26FE852500DA4BF2 /* Sources */ = {
			isa = PBXSourcesBuildPhase;
			buildActionMask = 2147483647;
			files = (
				2E88B87B26FF791E00A7704A /* APIUrl.swift in Sources */,
				2EDA487526FE852500DA4BF2 /* AppDelegate.swift in Sources */,
				2E88B88026FF834600A7704A /* Movie.swift in Sources */,
				2EDA488B26FE85F300DA4BF2 /* HomeViewController.swift in Sources */,
				2E88B88726FFCE2700A7704A /* MoviesCollection.swift in Sources */,
				2E88B88526FF8B8000A7704A /* MoviesResponse.swift in Sources */,
				2EDA489726FE8F1600DA4BF2 /* HomeViewModel.swift in Sources */,
				2EB0279526FF76EC00019D3A /* TableViewCell.swift in Sources */,
				2EDA489126FE883E00DA4BF2 /* MovieCollectionViewCell.swift in Sources */,
				2E88B88226FF887900A7704A /* Actor.swift in Sources */,
			);
			runOnlyForDeploymentPostprocessing = 0;
		};
/* End PBXSourcesBuildPhase section */

/* Begin PBXVariantGroup section */
		2EDA487F26FE852800DA4BF2 /* LaunchScreen.storyboard */ = {
			isa = PBXVariantGroup;
			children = (
				2EDA488026FE852800DA4BF2 /* Base */,
			);
			name = LaunchScreen.storyboard;
			sourceTree = "<group>";
		};
/* End PBXVariantGroup section */

/* Begin XCBuildConfiguration section */
		2EDA488326FE852800DA4BF2 /* Debug */ = {
			isa = XCBuildConfiguration;
			buildSettings = {
				ALWAYS_SEARCH_USER_PATHS = NO;
				CLANG_ANALYZER_NONNULL = YES;
				CLANG_ANALYZER_NUMBER_OBJECT_CONVERSION = YES_AGGRESSIVE;
				CLANG_CXX_LANGUAGE_STANDARD = "gnu++17";
				CLANG_CXX_LIBRARY = "libc++";
				CLANG_ENABLE_MODULES = YES;
				CLANG_ENABLE_OBJC_ARC = YES;
				CLANG_ENABLE_OBJC_WEAK = YES;
				CLANG_WARN_BLOCK_CAPTURE_AUTORELEASING = YES;
				CLANG_WARN_BOOL_CONVERSION = YES;
				CLANG_WARN_COMMA = YES;
				CLANG_WARN_CONSTANT_CONVERSION = YES;
				CLANG_WARN_DEPRECATED_OBJC_IMPLEMENTATIONS = YES;
				CLANG_WARN_DIRECT_OBJC_ISA_USAGE = YES_ERROR;
				CLANG_WARN_DOCUMENTATION_COMMENTS = YES;
				CLANG_WARN_EMPTY_BODY = YES;
				CLANG_WARN_ENUM_CONVERSION = YES;
				CLANG_WARN_INFINITE_RECURSION = YES;
				CLANG_WARN_INT_CONVERSION = YES;
				CLANG_WARN_NON_LITERAL_NULL_CONVERSION = YES;
				CLANG_WARN_OBJC_IMPLICIT_RETAIN_SELF = YES;
				CLANG_WARN_OBJC_LITERAL_CONVERSION = YES;
				CLANG_WARN_OBJC_ROOT_CLASS = YES_ERROR;
				CLANG_WARN_QUOTED_INCLUDE_IN_FRAMEWORK_HEADER = YES;
				CLANG_WARN_RANGE_LOOP_ANALYSIS = YES;
				CLANG_WARN_STRICT_PROTOTYPES = YES;
				CLANG_WARN_SUSPICIOUS_MOVE = YES;
				CLANG_WARN_UNGUARDED_AVAILABILITY = YES_AGGRESSIVE;
				CLANG_WARN_UNREACHABLE_CODE = YES;
				CLANG_WARN__DUPLICATE_METHOD_MATCH = YES;
				COPY_PHASE_STRIP = NO;
				DEBUG_INFORMATION_FORMAT = dwarf;
				ENABLE_STRICT_OBJC_MSGSEND = YES;
				ENABLE_TESTABILITY = YES;
				GCC_C_LANGUAGE_STANDARD = gnu11;
				GCC_DYNAMIC_NO_PIC = NO;
				GCC_NO_COMMON_BLOCKS = YES;
				GCC_OPTIMIZATION_LEVEL = 0;
				GCC_PREPROCESSOR_DEFINITIONS = (
					"DEBUG=1",
					"$(inherited)",
				);
				GCC_WARN_64_TO_32_BIT_CONVERSION = YES;
				GCC_WARN_ABOUT_RETURN_TYPE = YES_ERROR;
				GCC_WARN_UNDECLARED_SELECTOR = YES;
				GCC_WARN_UNINITIALIZED_AUTOS = YES_AGGRESSIVE;
				GCC_WARN_UNUSED_FUNCTION = YES;
				GCC_WARN_UNUSED_VARIABLE = YES;
				INFOPLIST_FILE = "";
				IPHONEOS_DEPLOYMENT_TARGET = 9.0;
				MTL_ENABLE_DEBUG_INFO = INCLUDE_SOURCE;
				MTL_FAST_MATH = YES;
				ONLY_ACTIVE_ARCH = YES;
				SDKROOT = iphoneos;
				SWIFT_ACTIVE_COMPILATION_CONDITIONS = DEBUG;
				SWIFT_OPTIMIZATION_LEVEL = "-Onone";
			};
			name = Debug;
		};
		2EDA488426FE852800DA4BF2 /* Release */ = {
			isa = XCBuildConfiguration;
			buildSettings = {
				ALWAYS_SEARCH_USER_PATHS = NO;
				CLANG_ANALYZER_NONNULL = YES;
				CLANG_ANALYZER_NUMBER_OBJECT_CONVERSION = YES_AGGRESSIVE;
				CLANG_CXX_LANGUAGE_STANDARD = "gnu++17";
				CLANG_CXX_LIBRARY = "libc++";
				CLANG_ENABLE_MODULES = YES;
				CLANG_ENABLE_OBJC_ARC = YES;
				CLANG_ENABLE_OBJC_WEAK = YES;
				CLANG_WARN_BLOCK_CAPTURE_AUTORELEASING = YES;
				CLANG_WARN_BOOL_CONVERSION = YES;
				CLANG_WARN_COMMA = YES;
				CLANG_WARN_CONSTANT_CONVERSION = YES;
				CLANG_WARN_DEPRECATED_OBJC_IMPLEMENTATIONS = YES;
				CLANG_WARN_DIRECT_OBJC_ISA_USAGE = YES_ERROR;
				CLANG_WARN_DOCUMENTATION_COMMENTS = YES;
				CLANG_WARN_EMPTY_BODY = YES;
				CLANG_WARN_ENUM_CONVERSION = YES;
				CLANG_WARN_INFINITE_RECURSION = YES;
				CLANG_WARN_INT_CONVERSION = YES;
				CLANG_WARN_NON_LITERAL_NULL_CONVERSION = YES;
				CLANG_WARN_OBJC_IMPLICIT_RETAIN_SELF = YES;
				CLANG_WARN_OBJC_LITERAL_CONVERSION = YES;
				CLANG_WARN_OBJC_ROOT_CLASS = YES_ERROR;
				CLANG_WARN_QUOTED_INCLUDE_IN_FRAMEWORK_HEADER = YES;
				CLANG_WARN_RANGE_LOOP_ANALYSIS = YES;
				CLANG_WARN_STRICT_PROTOTYPES = YES;
				CLANG_WARN_SUSPICIOUS_MOVE = YES;
				CLANG_WARN_UNGUARDED_AVAILABILITY = YES_AGGRESSIVE;
				CLANG_WARN_UNREACHABLE_CODE = YES;
				CLANG_WARN__DUPLICATE_METHOD_MATCH = YES;
				COPY_PHASE_STRIP = NO;
				DEBUG_INFORMATION_FORMAT = "dwarf-with-dsym";
				ENABLE_NS_ASSERTIONS = NO;
				ENABLE_STRICT_OBJC_MSGSEND = YES;
				GCC_C_LANGUAGE_STANDARD = gnu11;
				GCC_NO_COMMON_BLOCKS = YES;
				GCC_WARN_64_TO_32_BIT_CONVERSION = YES;
				GCC_WARN_ABOUT_RETURN_TYPE = YES_ERROR;
				GCC_WARN_UNDECLARED_SELECTOR = YES;
				GCC_WARN_UNINITIALIZED_AUTOS = YES_AGGRESSIVE;
				GCC_WARN_UNUSED_FUNCTION = YES;
				GCC_WARN_UNUSED_VARIABLE = YES;
				INFOPLIST_FILE = "";
				IPHONEOS_DEPLOYMENT_TARGET = 9.0;
				MTL_ENABLE_DEBUG_INFO = NO;
				MTL_FAST_MATH = YES;
				SDKROOT = iphoneos;
				SWIFT_COMPILATION_MODE = wholemodule;
				SWIFT_OPTIMIZATION_LEVEL = "-O";
				VALIDATE_PRODUCT = YES;
			};
			name = Release;
		};
		2EDA488626FE852800DA4BF2 /* Debug */ = {
			isa = XCBuildConfiguration;
			buildSettings = {
				ASSETCATALOG_COMPILER_APPICON_NAME = AppIcon;
				ASSETCATALOG_COMPILER_GLOBAL_ACCENT_COLOR_NAME = AccentColor;
				CODE_SIGN_STYLE = Automatic;
				CURRENT_PROJECT_VERSION = 1;
				DEVELOPMENT_TEAM = A9976965C3;
				GENERATE_INFOPLIST_FILE = YES;
				INFOPLIST_FILE = Nerdflix/Resource/Info.plist;
				INFOPLIST_KEY_UIApplicationSupportsIndirectInputEvents = YES;
				INFOPLIST_KEY_UILaunchStoryboardName = LaunchScreen;
				INFOPLIST_KEY_UIMainStoryboardFile = "";
				INFOPLIST_KEY_UISupportedInterfaceOrientations_iPad = "UIInterfaceOrientationPortrait UIInterfaceOrientationPortraitUpsideDown UIInterfaceOrientationLandscapeLeft UIInterfaceOrientationLandscapeRight";
				INFOPLIST_KEY_UISupportedInterfaceOrientations_iPhone = "UIInterfaceOrientationPortrait UIInterfaceOrientationLandscapeLeft UIInterfaceOrientationLandscapeRight";
				IPHONEOS_DEPLOYMENT_TARGET = 12.0;
				LD_RUNPATH_SEARCH_PATHS = (
					"$(inherited)",
					"@executable_path/Frameworks",
				);
				MARKETING_VERSION = 1.0;
				PRODUCT_BUNDLE_IDENTIFIER = com.andrealmeida.Nerdflix;
				PRODUCT_NAME = "$(TARGET_NAME)";
				SWIFT_EMIT_LOC_STRINGS = YES;
				SWIFT_VERSION = 5.0;
				TARGETED_DEVICE_FAMILY = 1;
			};
			name = Debug;
		};
		2EDA488726FE852800DA4BF2 /* Release */ = {
			isa = XCBuildConfiguration;
			buildSettings = {
				ASSETCATALOG_COMPILER_APPICON_NAME = AppIcon;
				ASSETCATALOG_COMPILER_GLOBAL_ACCENT_COLOR_NAME = AccentColor;
				CODE_SIGN_STYLE = Automatic;
				CURRENT_PROJECT_VERSION = 1;
				DEVELOPMENT_TEAM = A9976965C3;
				GENERATE_INFOPLIST_FILE = YES;
				INFOPLIST_FILE = Nerdflix/Resource/Info.plist;
				INFOPLIST_KEY_UIApplicationSupportsIndirectInputEvents = YES;
				INFOPLIST_KEY_UILaunchStoryboardName = LaunchScreen;
				INFOPLIST_KEY_UIMainStoryboardFile = "";
				INFOPLIST_KEY_UISupportedInterfaceOrientations_iPad = "UIInterfaceOrientationPortrait UIInterfaceOrientationPortraitUpsideDown UIInterfaceOrientationLandscapeLeft UIInterfaceOrientationLandscapeRight";
				INFOPLIST_KEY_UISupportedInterfaceOrientations_iPhone = "UIInterfaceOrientationPortrait UIInterfaceOrientationLandscapeLeft UIInterfaceOrientationLandscapeRight";
				IPHONEOS_DEPLOYMENT_TARGET = 12.0;
				LD_RUNPATH_SEARCH_PATHS = (
					"$(inherited)",
					"@executable_path/Frameworks",
				);
				MARKETING_VERSION = 1.0;
				PRODUCT_BUNDLE_IDENTIFIER = com.andrealmeida.Nerdflix;
				PRODUCT_NAME = "$(TARGET_NAME)";
				SWIFT_EMIT_LOC_STRINGS = YES;
				SWIFT_VERSION = 5.0;
				TARGETED_DEVICE_FAMILY = 1;
			};
			name = Release;
		};
/* End XCBuildConfiguration section */

/* Begin XCConfigurationList section */
		2EDA486C26FE852500DA4BF2 /* Build configuration list for PBXProject "Nerdflix" */ = {
			isa = XCConfigurationList;
			buildConfigurations = (
				2EDA488326FE852800DA4BF2 /* Debug */,
				2EDA488426FE852800DA4BF2 /* Release */,
			);
			defaultConfigurationIsVisible = 0;
			defaultConfigurationName = Release;
		};
		2EDA488526FE852800DA4BF2 /* Build configuration list for PBXNativeTarget "Nerdflix" */ = {
			isa = XCConfigurationList;
			buildConfigurations = (
				2EDA488626FE852800DA4BF2 /* Debug */,
				2EDA488726FE852800DA4BF2 /* Release */,
			);
			defaultConfigurationIsVisible = 0;
			defaultConfigurationName = Release;
		};
/* End XCConfigurationList section */

/* Begin XCRemoteSwiftPackageReference section */
		2E9CBDF526FE9DFB00D97B28 /* XCRemoteSwiftPackageReference "Kingfisher" */ = {
			isa = XCRemoteSwiftPackageReference;
			repositoryURL = "https://github.com/onevcat/Kingfisher.git";
			requirement = {
				kind = upToNextMajorVersion;
				minimumVersion = 7.0.0;
			};
		};
		2E9CBDF826FEA95200D97B28 /* XCRemoteSwiftPackageReference "SkeletonView" */ = {
			isa = XCRemoteSwiftPackageReference;
			repositoryURL = "https://github.com/Juanpe/SkeletonView";
			requirement = {
				kind = upToNextMajorVersion;
				minimumVersion = 1.0.0;
			};
		};
		2EDA489326FE8EE300DA4BF2 /* XCRemoteSwiftPackageReference "Alamofire" */ = {
			isa = XCRemoteSwiftPackageReference;
			repositoryURL = "https://github.com/Alamofire/Alamofire.git";
			requirement = {
				kind = upToNextMajorVersion;
				minimumVersion = 5.0.0;
			};
		};
/* End XCRemoteSwiftPackageReference section */

/* Begin XCSwiftPackageProductDependency section */
		2E9CBDF626FE9DFB00D97B28 /* Kingfisher */ = {
			isa = XCSwiftPackageProductDependency;
			package = 2E9CBDF526FE9DFB00D97B28 /* XCRemoteSwiftPackageReference "Kingfisher" */;
			productName = Kingfisher;
		};
		2E9CBDF926FEA95200D97B28 /* SkeletonView */ = {
			isa = XCSwiftPackageProductDependency;
			package = 2E9CBDF826FEA95200D97B28 /* XCRemoteSwiftPackageReference "SkeletonView" */;
			productName = SkeletonView;
		};
		2EDA489426FE8EE300DA4BF2 /* Alamofire */ = {
			isa = XCSwiftPackageProductDependency;
			package = 2EDA489326FE8EE300DA4BF2 /* XCRemoteSwiftPackageReference "Alamofire" */;
			productName = Alamofire;
		};
/* End XCSwiftPackageProductDependency section */
	};
	rootObject = 2EDA486926FE852500DA4BF2 /* Project object */;
}
